
Microsoft Visual Studio Solution File, Format Version 12.00
# Visual Studio Version 16
VisualStudioVersion = 16.0.30309.148
MinimumVisualStudioVersion = 15.0.26124.0
Project("{9A19103F-16F7-4668-BE54-9A1E7A4F7556}") = "bokningsapi", "bokningsapi\bokningsapi.csproj", "{78EAC9AC-BF99-45EF-B1D1-6C1A93A875E6}"
EndProject
Project("{9A19103F-16F7-4668-BE54-9A1E7A4F7556}") = "kundapi", "kundapi\kundapi.csproj", "{1159B659-A8F4-435C-9A45-C6343BAFA180}"
EndProject
Project("{9A19103F-16F7-4668-BE54-9A1E7A4F7556}") = "kommunikationsapi", "kommunikationsapi\kommunikationsapi.csproj", "{5A9EFDE9-94D5-4702-B305-F0117B51D94D}"
EndProject
Project("{9A19103F-16F7-4668-BE54-9A1E7A4F7556}") = "betalningsapi", "betalningsapi\betalningsapi.csproj", "{9DBEF31A-A408-4C2D-8D96-937990AAF619}"
EndProject
Project("{9A19103F-16F7-4668-BE54-9A1E7A4F7556}") = "kopplingstjanst", "kopplingstjanst\kopplingstjanst.csproj", "{9CC1619D-4CF4-4A39-85AB-1108BA8CEC33}"
EndProject
Project("{9A19103F-16F7-4668-BE54-9A1E7A4F7556}") = "identitysvc", "identitysvc\identitysvc.csproj", "{36969280-9002-406A-8467-CE00A8DC370F}"
EndProject
Project("{FAE04EC0-301F-11D3-BF4B-00C04F79EFBC}") = "valideringsapi", "valideringsapi\valideringsapi.csproj", "{4DE0125C-6667-4659-B57D-053C90BC5B19}"
EndProject
Global
	GlobalSection(SolutionConfigurationPlatforms) = preSolution
		Debug|Any CPU = Debug|Any CPU
		Debug|x64 = Debug|x64
		Debug|x86 = Debug|x86
		Release|Any CPU = Release|Any CPU
		Release|x64 = Release|x64
		Release|x86 = Release|x86
	EndGlobalSection
	GlobalSection(ProjectConfigurationPlatforms) = postSolution
		{78EAC9AC-BF99-45EF-B1D1-6C1A93A875E6}.Debug|Any CPU.ActiveCfg = Debug|Any CPU
		{78EAC9AC-BF99-45EF-B1D1-6C1A93A875E6}.Debug|Any CPU.Build.0 = Debug|Any CPU
		{78EAC9AC-BF99-45EF-B1D1-6C1A93A875E6}.Debug|x64.ActiveCfg = Debug|Any CPU
		{78EAC9AC-BF99-45EF-B1D1-6C1A93A875E6}.Debug|x64.Build.0 = Debug|Any CPU
		{78EAC9AC-BF99-45EF-B1D1-6C1A93A875E6}.Debug|x86.ActiveCfg = Debug|Any CPU
		{78EAC9AC-BF99-45EF-B1D1-6C1A93A875E6}.Debug|x86.Build.0 = Debug|Any CPU
		{78EAC9AC-BF99-45EF-B1D1-6C1A93A875E6}.Release|Any CPU.ActiveCfg = Release|Any CPU
		{78EAC9AC-BF99-45EF-B1D1-6C1A93A875E6}.Release|Any CPU.Build.0 = Release|Any CPU
		{78EAC9AC-BF99-45EF-B1D1-6C1A93A875E6}.Release|x64.ActiveCfg = Release|Any CPU
		{78EAC9AC-BF99-45EF-B1D1-6C1A93A875E6}.Release|x64.Build.0 = Release|Any CPU
		{78EAC9AC-BF99-45EF-B1D1-6C1A93A875E6}.Release|x86.ActiveCfg = Release|Any CPU
		{78EAC9AC-BF99-45EF-B1D1-6C1A93A875E6}.Release|x86.Build.0 = Release|Any CPU
		{1159B659-A8F4-435C-9A45-C6343BAFA180}.Debug|Any CPU.ActiveCfg = Debug|Any CPU
		{1159B659-A8F4-435C-9A45-C6343BAFA180}.Debug|Any CPU.Build.0 = Debug|Any CPU
		{1159B659-A8F4-435C-9A45-C6343BAFA180}.Debug|x64.ActiveCfg = Debug|Any CPU
		{1159B659-A8F4-435C-9A45-C6343BAFA180}.Debug|x64.Build.0 = Debug|Any CPU
		{1159B659-A8F4-435C-9A45-C6343BAFA180}.Debug|x86.ActiveCfg = Debug|Any CPU
		{1159B659-A8F4-435C-9A45-C6343BAFA180}.Debug|x86.Build.0 = Debug|Any CPU
		{1159B659-A8F4-435C-9A45-C6343BAFA180}.Release|Any CPU.ActiveCfg = Release|Any CPU
		{1159B659-A8F4-435C-9A45-C6343BAFA180}.Release|Any CPU.Build.0 = Release|Any CPU
		{1159B659-A8F4-435C-9A45-C6343BAFA180}.Release|x64.ActiveCfg = Release|Any CPU
		{1159B659-A8F4-435C-9A45-C6343BAFA180}.Release|x64.Build.0 = Release|Any CPU
		{1159B659-A8F4-435C-9A45-C6343BAFA180}.Release|x86.ActiveCfg = Release|Any CPU
		{1159B659-A8F4-435C-9A45-C6343BAFA180}.Release|x86.Build.0 = Release|Any CPU
		{5A9EFDE9-94D5-4702-B305-F0117B51D94D}.Debug|Any CPU.ActiveCfg = Debug|Any CPU
		{5A9EFDE9-94D5-4702-B305-F0117B51D94D}.Debug|Any CPU.Build.0 = Debug|Any CPU
		{5A9EFDE9-94D5-4702-B305-F0117B51D94D}.Debug|x64.ActiveCfg = Debug|Any CPU
		{5A9EFDE9-94D5-4702-B305-F0117B51D94D}.Debug|x64.Build.0 = Debug|Any CPU
		{5A9EFDE9-94D5-4702-B305-F0117B51D94D}.Debug|x86.ActiveCfg = Debug|Any CPU
		{5A9EFDE9-94D5-4702-B305-F0117B51D94D}.Debug|x86.Build.0 = Debug|Any CPU
		{5A9EFDE9-94D5-4702-B305-F0117B51D94D}.Release|Any CPU.ActiveCfg = Release|Any CPU
		{5A9EFDE9-94D5-4702-B305-F0117B51D94D}.Release|Any CPU.Build.0 = Release|Any CPU
		{5A9EFDE9-94D5-4702-B305-F0117B51D94D}.Release|x64.ActiveCfg = Release|Any CPU
		{5A9EFDE9-94D5-4702-B305-F0117B51D94D}.Release|x64.Build.0 = Release|Any CPU
		{5A9EFDE9-94D5-4702-B305-F0117B51D94D}.Release|x86.ActiveCfg = Release|Any CPU
		{5A9EFDE9-94D5-4702-B305-F0117B51D94D}.Release|x86.Build.0 = Release|Any CPU
		{9DBEF31A-A408-4C2D-8D96-937990AAF619}.Debug|Any CPU.ActiveCfg = Debug|Any CPU
		{9DBEF31A-A408-4C2D-8D96-937990AAF619}.Debug|Any CPU.Build.0 = Debug|Any CPU
		{9DBEF31A-A408-4C2D-8D96-937990AAF619}.Debug|x64.ActiveCfg = Debug|Any CPU
		{9DBEF31A-A408-4C2D-8D96-937990AAF619}.Debug|x64.Build.0 = Debug|Any CPU
		{9DBEF31A-A408-4C2D-8D96-937990AAF619}.Debug|x86.ActiveCfg = Debug|Any CPU
		{9DBEF31A-A408-4C2D-8D96-937990AAF619}.Debug|x86.Build.0 = Debug|Any CPU
		{9DBEF31A-A408-4C2D-8D96-937990AAF619}.Release|Any CPU.ActiveCfg = Release|Any CPU
		{9DBEF31A-A408-4C2D-8D96-937990AAF619}.Release|Any CPU.Build.0 = Release|Any CPU
		{9DBEF31A-A408-4C2D-8D96-937990AAF619}.Release|x64.ActiveCfg = Release|Any CPU
		{9DBEF31A-A408-4C2D-8D96-937990AAF619}.Release|x64.Build.0 = Release|Any CPU
		{9DBEF31A-A408-4C2D-8D96-937990AAF619}.Release|x86.ActiveCfg = Release|Any CPU
		{9DBEF31A-A408-4C2D-8D96-937990AAF619}.Release|x86.Build.0 = Release|Any CPU
		{9CC1619D-4CF4-4A39-85AB-1108BA8CEC33}.Debug|Any CPU.ActiveCfg = Debug|Any CPU
		{9CC1619D-4CF4-4A39-85AB-1108BA8CEC33}.Debug|Any CPU.Build.0 = Debug|Any CPU
		{9CC1619D-4CF4-4A39-85AB-1108BA8CEC33}.Debug|x64.ActiveCfg = Debug|Any CPU
		{9CC1619D-4CF4-4A39-85AB-1108BA8CEC33}.Debug|x64.Build.0 = Debug|Any CPU
		{9CC1619D-4CF4-4A39-85AB-1108BA8CEC33}.Debug|x86.ActiveCfg = Debug|Any CPU
		{9CC1619D-4CF4-4A39-85AB-1108BA8CEC33}.Debug|x86.Build.0 = Debug|Any CPU
		{9CC1619D-4CF4-4A39-85AB-1108BA8CEC33}.Release|Any CPU.ActiveCfg = Release|Any CPU
		{9CC1619D-4CF4-4A39-85AB-1108BA8CEC33}.Release|Any CPU.Build.0 = Release|Any CPU
		{9CC1619D-4CF4-4A39-85AB-1108BA8CEC33}.Release|x64.ActiveCfg = Release|Any CPU
		{9CC1619D-4CF4-4A39-85AB-1108BA8CEC33}.Release|x64.Build.0 = Release|Any CPU
		{9CC1619D-4CF4-4A39-85AB-1108BA8CEC33}.Release|x86.ActiveCfg = Release|Any CPU
		{9CC1619D-4CF4-4A39-85AB-1108BA8CEC33}.Release|x86.Build.0 = Release|Any CPU
		{36969280-9002-406A-8467-CE00A8DC370F}.Debug|Any CPU.ActiveCfg = Debug|Any CPU
		{36969280-9002-406A-8467-CE00A8DC370F}.Debug|Any CPU.Build.0 = Debug|Any CPU
		{36969280-9002-406A-8467-CE00A8DC370F}.Debug|x64.ActiveCfg = Debug|Any CPU
		{36969280-9002-406A-8467-CE00A8DC370F}.Debug|x64.Build.0 = Debug|Any CPU
		{36969280-9002-406A-8467-CE00A8DC370F}.Debug|x86.ActiveCfg = Debug|Any CPU
		{36969280-9002-406A-8467-CE00A8DC370F}.Debug|x86.Build.0 = Debug|Any CPU
		{36969280-9002-406A-8467-CE00A8DC370F}.Release|Any CPU.ActiveCfg = Release|Any CPU
		{36969280-9002-406A-8467-CE00A8DC370F}.Release|Any CPU.Build.0 = Release|Any CPU
		{36969280-9002-406A-8467-CE00A8DC370F}.Release|x64.ActiveCfg = Release|Any CPU
		{36969280-9002-406A-8467-CE00A8DC370F}.Release|x64.Build.0 = Release|Any CPU
		{36969280-9002-406A-8467-CE00A8DC370F}.Release|x86.ActiveCfg = Release|Any CPU
		{36969280-9002-406A-8467-CE00A8DC370F}.Release|x86.Build.0 = Release|Any CPU
		{4DE0125C-6667-4659-B57D-053C90BC5B19}.Debug|Any CPU.ActiveCfg = Debug|Any CPU
		{4DE0125C-6667-4659-B57D-053C90BC5B19}.Debug|Any CPU.Build.0 = Debug|Any CPU
		{4DE0125C-6667-4659-B57D-053C90BC5B19}.Debug|x64.ActiveCfg = Debug|Any CPU
		{4DE0125C-6667-4659-B57D-053C90BC5B19}.Debug|x64.Build.0 = Debug|Any CPU
		{4DE0125C-6667-4659-B57D-053C90BC5B19}.Debug|x86.ActiveCfg = Debug|Any CPU
		{4DE0125C-6667-4659-B57D-053C90BC5B19}.Debug|x86.Build.0 = Debug|Any CPU
		{4DE0125C-6667-4659-B57D-053C90BC5B19}.Release|Any CPU.ActiveCfg = Release|Any CPU
		{4DE0125C-6667-4659-B57D-053C90BC5B19}.Release|Any CPU.Build.0 = Release|Any CPU
		{4DE0125C-6667-4659-B57D-053C90BC5B19}.Release|x64.ActiveCfg = Release|Any CPU
		{4DE0125C-6667-4659-B57D-053C90BC5B19}.Release|x64.Build.0 = Release|Any CPU
		{4DE0125C-6667-4659-B57D-053C90BC5B19}.Release|x86.ActiveCfg = Release|Any CPU
		{4DE0125C-6667-4659-B57D-053C90BC5B19}.Release|x86.Build.0 = Release|Any CPU
	EndGlobalSection
	GlobalSection(SolutionProperties) = preSolution
		HideSolutionNode = FALSE
	EndGlobalSection
	GlobalSection(ExtensibilityGlobals) = postSolution
		SolutionGuid = {32D8DAFD-2BC6-453C-ADD8-F35B750599E6}
	EndGlobalSection
EndGlobal
